
Microsoft Visual Studio Solution File, Format Version 12.00
# Visual Studio Version 16
VisualStudioVersion = 16.0.29911.84
MinimumVisualStudioVersion = 10.0.40219.1
Project("{FAE04EC0-301F-11D3-BF4B-00C04F79EFBC}") = "GitTemplateRepo", "GitTemplateRepo.csproj", "{C44A7F8A-CFBE-4D59-9008-EA687B4DBD69}"
EndProject
Global
	GlobalSection(SolutionConfigurationPlatforms) = preSolution
		Debug|Any CPU = Debug|Any CPU
		Release|Any CPU = Release|Any CPU
	EndGlobalSection
	GlobalSection(ProjectConfigurationPlatforms) = postSolution
		{C44A7F8A-CFBE-4D59-9008-EA687B4DBD69}.Debug|Any CPU.ActiveCfg = Debug|Any CPU
		{C44A7F8A-CFBE-4D59-9008-EA687B4DBD69}.Debug|Any CPU.Build.0 = Debug|Any CPU
		{C44A7F8A-CFBE-4D59-9008-EA687B4DBD69}.Release|Any CPU.ActiveCfg = Release|Any CPU
		{C44A7F8A-CFBE-4D59-9008-EA687B4DBD69}.Release|Any CPU.Build.0 = Release|Any CPU
	EndGlobalSection
	GlobalSection(SolutionProperties) = preSolution
		HideSolutionNode = FALSE
	EndGlobalSection
	GlobalSection(ExtensibilityGlobals) = postSolution
		SolutionGuid = {47ADA398-C6CE-483A-81A1-9BCDE7D9D092}
	EndGlobalSection
EndGlobal
